// !$*UTF8*$!
{
	archiveVersion = 1;
	classes = {
	};
	objectVersion = 50;
	objects = {

/* Begin PBXBuildFile section */
		585A187E212FC757002F86D7 /* AppDelegate.swift in Sources */ = {isa = PBXBuildFile; fileRef = 585A187D212FC757002F86D7 /* AppDelegate.swift */; };
		585A1880212FC757002F86D7 /* ViewController.swift in Sources */ = {isa = PBXBuildFile; fileRef = 585A187F212FC757002F86D7 /* ViewController.swift */; };
		585A1883212FC757002F86D7 /* Main.storyboard in Resources */ = {isa = PBXBuildFile; fileRef = 585A1881212FC757002F86D7 /* Main.storyboard */; };
		585A1885212FC758002F86D7 /* Assets.xcassets in Resources */ = {isa = PBXBuildFile; fileRef = 585A1884212FC758002F86D7 /* Assets.xcassets */; };
		585A1888212FC758002F86D7 /* LaunchScreen.storyboard in Resources */ = {isa = PBXBuildFile; fileRef = 585A1886212FC758002F86D7 /* LaunchScreen.storyboard */; };
		585A189021309C5F002F86D7 /* RoundCorner.swift in Sources */ = {isa = PBXBuildFile; fileRef = 585A188F21309C5F002F86D7 /* RoundCorner.swift */; };
		585A18922131F81C002F86D7 /* LoginViewController.swift in Sources */ = {isa = PBXBuildFile; fileRef = 585A18912131F81C002F86D7 /* LoginViewController.swift */; };
		585EE7452143A12F00816808 /* DashboardViewController.swift in Sources */ = {isa = PBXBuildFile; fileRef = 585EE7442143A12F00816808 /* DashboardViewController.swift */; };
		58F07EB72139F62900EAC4CB /* RegisterViewController.swift in Sources */ = {isa = PBXBuildFile; fileRef = 58F07EB62139F62900EAC4CB /* RegisterViewController.swift */; };
		58F07EB9213A069E00EAC4CB /* LoggedInViewController.swift in Sources */ = {isa = PBXBuildFile; fileRef = 58F07EB8213A069E00EAC4CB /* LoggedInViewController.swift */; };
		5B1B4EBDF931A412E2E8D45B /* Pods_Clerkie_Coding_Challenge.framework in Frameworks */ = {isa = PBXBuildFile; fileRef = BB137A61F11F7B13671121AB /* Pods_Clerkie_Coding_Challenge.framework */; };
/* End PBXBuildFile section */

/* Begin PBXFileReference section */
		04136A000C3BD37EBFAC2844 /* Pods-Clerkie Coding Challenge.debug.xcconfig */ = {isa = PBXFileReference; includeInIndex = 1; lastKnownFileType = text.xcconfig; name = "Pods-Clerkie Coding Challenge.debug.xcconfig"; path = "Pods/Target Support Files/Pods-Clerkie Coding Challenge/Pods-Clerkie Coding Challenge.debug.xcconfig"; sourceTree = "<group>"; };
		585A187A212FC757002F86D7 /* Clerkie Coding Challenge.app */ = {isa = PBXFileReference; explicitFileType = wrapper.application; includeInIndex = 0; path = "Clerkie Coding Challenge.app"; sourceTree = BUILT_PRODUCTS_DIR; };
		585A187D212FC757002F86D7 /* AppDelegate.swift */ = {isa = PBXFileReference; lastKnownFileType = sourcecode.swift; path = AppDelegate.swift; sourceTree = "<group>"; };
		585A187F212FC757002F86D7 /* ViewController.swift */ = {isa = PBXFileReference; lastKnownFileType = sourcecode.swift; path = ViewController.swift; sourceTree = "<group>"; };
		585A1882212FC757002F86D7 /* Base */ = {isa = PBXFileReference; lastKnownFileType = file.storyboard; name = Base; path = Base.lproj/Main.storyboard; sourceTree = "<group>"; };
		585A1884212FC758002F86D7 /* Assets.xcassets */ = {isa = PBXFileReference; lastKnownFileType = folder.assetcatalog; path = Assets.xcassets; sourceTree = "<group>"; };
		585A1887212FC758002F86D7 /* Base */ = {isa = PBXFileReference; lastKnownFileType = file.storyboard; name = Base; path = Base.lproj/LaunchScreen.storyboard; sourceTree = "<group>"; };
		585A1889212FC758002F86D7 /* Info.plist */ = {isa = PBXFileReference; lastKnownFileType = text.plist.xml; path = Info.plist; sourceTree = "<group>"; };
		585A188F21309C5F002F86D7 /* RoundCorner.swift */ = {isa = PBXFileReference; lastKnownFileType = sourcecode.swift; path = RoundCorner.swift; sourceTree = "<group>"; };
		585A18912131F81C002F86D7 /* LoginViewController.swift */ = {isa = PBXFileReference; lastKnownFileType = sourcecode.swift; path = LoginViewController.swift; sourceTree = "<group>"; };
		585EE7442143A12F00816808 /* DashboardViewController.swift */ = {isa = PBXFileReference; lastKnownFileType = sourcecode.swift; path = DashboardViewController.swift; sourceTree = "<group>"; };
		58F07EB62139F62900EAC4CB /* RegisterViewController.swift */ = {isa = PBXFileReference; lastKnownFileType = sourcecode.swift; path = RegisterViewController.swift; sourceTree = "<group>"; };
		58F07EB8213A069E00EAC4CB /* LoggedInViewController.swift */ = {isa = PBXFileReference; lastKnownFileType = sourcecode.swift; path = LoggedInViewController.swift; sourceTree = "<group>"; };
		BB137A61F11F7B13671121AB /* Pods_Clerkie_Coding_Challenge.framework */ = {isa = PBXFileReference; explicitFileType = wrapper.framework; includeInIndex = 0; path = Pods_Clerkie_Coding_Challenge.framework; sourceTree = BUILT_PRODUCTS_DIR; };
		CE9FA80DC8F7A7A707A565A9 /* Pods-Clerkie Coding Challenge.release.xcconfig */ = {isa = PBXFileReference; includeInIndex = 1; lastKnownFileType = text.xcconfig; name = "Pods-Clerkie Coding Challenge.release.xcconfig"; path = "Pods/Target Support Files/Pods-Clerkie Coding Challenge/Pods-Clerkie Coding Challenge.release.xcconfig"; sourceTree = "<group>"; };
/* End PBXFileReference section */

/* Begin PBXFrameworksBuildPhase section */
		585A1877212FC757002F86D7 /* Frameworks */ = {
			isa = PBXFrameworksBuildPhase;
			buildActionMask = 2147483647;
			files = (
				5B1B4EBDF931A412E2E8D45B /* Pods_Clerkie_Coding_Challenge.framework in Frameworks */,
			);
			runOnlyForDeploymentPostprocessing = 0;
		};
/* End PBXFrameworksBuildPhase section */

/* Begin PBXGroup section */
		585A1871212FC757002F86D7 = {
			isa = PBXGroup;
			children = (
				585A187C212FC757002F86D7 /* Clerkie Coding Challenge */,
				585A187B212FC757002F86D7 /* Products */,
				804BC685BB207E80DE7C325D /* Pods */,
				D51F274921171E7266EC69CE /* Frameworks */,
			);
			sourceTree = "<group>";
		};
		585A187B212FC757002F86D7 /* Products */ = {
			isa = PBXGroup;
			children = (
				585A187A212FC757002F86D7 /* Clerkie Coding Challenge.app */,
			);
			name = Products;
			sourceTree = "<group>";
		};
		585A187C212FC757002F86D7 /* Clerkie Coding Challenge */ = {
			isa = PBXGroup;
			children = (
				585A187D212FC757002F86D7 /* AppDelegate.swift */,
				585A1881212FC757002F86D7 /* Main.storyboard */,
				585A187F212FC757002F86D7 /* ViewController.swift */,
				58F07EB62139F62900EAC4CB /* RegisterViewController.swift */,
				585A18912131F81C002F86D7 /* LoginViewController.swift */,
				58F07EB8213A069E00EAC4CB /* LoggedInViewController.swift */,
				585A188F21309C5F002F86D7 /* RoundCorner.swift */,
				585EE7442143A12F00816808 /* DashboardViewController.swift */,
				585A1884212FC758002F86D7 /* Assets.xcassets */,
				585A1886212FC758002F86D7 /* LaunchScreen.storyboard */,
				585A1889212FC758002F86D7 /* Info.plist */,
			);
			path = "Clerkie Coding Challenge";
			sourceTree = "<group>";
		};
		804BC685BB207E80DE7C325D /* Pods */ = {
			isa = PBXGroup;
			children = (
				04136A000C3BD37EBFAC2844 /* Pods-Clerkie Coding Challenge.debug.xcconfig */,
				CE9FA80DC8F7A7A707A565A9 /* Pods-Clerkie Coding Challenge.release.xcconfig */,
			);
			name = Pods;
			sourceTree = "<group>";
		};
		D51F274921171E7266EC69CE /* Frameworks */ = {
			isa = PBXGroup;
			children = (
				BB137A61F11F7B13671121AB /* Pods_Clerkie_Coding_Challenge.framework */,
			);
			name = Frameworks;
			sourceTree = "<group>";
		};
/* End PBXGroup section */

/* Begin PBXNativeTarget section */
		585A1879212FC757002F86D7 /* Clerkie Coding Challenge */ = {
			isa = PBXNativeTarget;
			buildConfigurationList = 585A188C212FC758002F86D7 /* Build configuration list for PBXNativeTarget "Clerkie Coding Challenge" */;
			buildPhases = (
				981C671FD1AB31FFFC08BE9D /* [CP] Check Pods Manifest.lock */,
				585A1876212FC757002F86D7 /* Sources */,
				585A1877212FC757002F86D7 /* Frameworks */,
				585A1878212FC757002F86D7 /* Resources */,
				718A2EA6DAE3B10DEECC607B /* [CP] Embed Pods Frameworks */,
			);
			buildRules = (
			);
			dependencies = (
			);
			name = "Clerkie Coding Challenge";
			productName = "Clerkie Coding Challenge";
			productReference = 585A187A212FC757002F86D7 /* Clerkie Coding Challenge.app */;
			productType = "com.apple.product-type.application";
		};
/* End PBXNativeTarget section */

/* Begin PBXProject section */
		585A1872212FC757002F86D7 /* Project object */ = {
			isa = PBXProject;
			attributes = {
				LastSwiftUpdateCheck = 0940;
				LastUpgradeCheck = 0940;
				ORGANIZATIONNAME = "Prashant Verma";
				TargetAttributes = {
					585A1879212FC757002F86D7 = {
						CreatedOnToolsVersion = 9.4;
					};
				};
			};
			buildConfigurationList = 585A1875212FC757002F86D7 /* Build configuration list for PBXProject "Clerkie Coding Challenge" */;
			compatibilityVersion = "Xcode 9.3";
			developmentRegion = en;
			hasScannedForEncodings = 0;
			knownRegions = (
				en,
				Base,
			);
			mainGroup = 585A1871212FC757002F86D7;
			productRefGroup = 585A187B212FC757002F86D7 /* Products */;
			projectDirPath = "";
			projectRoot = "";
			targets = (
				585A1879212FC757002F86D7 /* Clerkie Coding Challenge */,
			);
		};
/* End PBXProject section */

/* Begin PBXResourcesBuildPhase section */
		585A1878212FC757002F86D7 /* Resources */ = {
			isa = PBXResourcesBuildPhase;
			buildActionMask = 2147483647;
			files = (
				585A1888212FC758002F86D7 /* LaunchScreen.storyboard in Resources */,
				585A1885212FC758002F86D7 /* Assets.xcassets in Resources */,
				585A1883212FC757002F86D7 /* Main.storyboard in Resources */,
			);
			runOnlyForDeploymentPostprocessing = 0;
		};
/* End PBXResourcesBuildPhase section */

/* Begin PBXShellScriptBuildPhase section */
		718A2EA6DAE3B10DEECC607B /* [CP] Embed Pods Frameworks */ = {
			isa = PBXShellScriptBuildPhase;
			buildActionMask = 2147483647;
			files = (
			);
			inputPaths = (
				"${SRCROOT}/Pods/Target Support Files/Pods-Clerkie Coding Challenge/Pods-Clerkie Coding Challenge-frameworks.sh",
				"${BUILT_PRODUCTS_DIR}/ApiAI/ApiAI.framework",
				"${BUILT_PRODUCTS_DIR}/Bolts/Bolts.framework",
				"${BUILT_PRODUCTS_DIR}/Charts/Charts.framework",
				"${BUILT_PRODUCTS_DIR}/JSQMessagesViewController/JSQMessagesViewController.framework",
				"${BUILT_PRODUCTS_DIR}/JSQSystemSoundPlayer/JSQSystemSoundPlayer.framework",
				"${BUILT_PRODUCTS_DIR}/Parse/Parse.framework",
				"${BUILT_PRODUCTS_DIR}/SBCardPopup/SBCardPopup.framework",
			);
			name = "[CP] Embed Pods Frameworks";
			outputPaths = (
				"${TARGET_BUILD_DIR}/${FRAMEWORKS_FOLDER_PATH}/ApiAI.framework",
				"${TARGET_BUILD_DIR}/${FRAMEWORKS_FOLDER_PATH}/Bolts.framework",
				"${TARGET_BUILD_DIR}/${FRAMEWORKS_FOLDER_PATH}/Charts.framework",
				"${TARGET_BUILD_DIR}/${FRAMEWORKS_FOLDER_PATH}/JSQMessagesViewController.framework",
				"${TARGET_BUILD_DIR}/${FRAMEWORKS_FOLDER_PATH}/JSQSystemSoundPlayer.framework",
				"${TARGET_BUILD_DIR}/${FRAMEWORKS_FOLDER_PATH}/Parse.framework",
				"${TARGET_BUILD_DIR}/${FRAMEWORKS_FOLDER_PATH}/SBCardPopup.framework",
			);
			runOnlyForDeploymentPostprocessing = 0;
			shellPath = /bin/sh;
			shellScript = "\"${SRCROOT}/Pods/Target Support Files/Pods-Clerkie Coding Challenge/Pods-Clerkie Coding Challenge-frameworks.sh\"\n";
			showEnvVarsInLog = 0;
		};
		981C671FD1AB31FFFC08BE9D /* [CP] Check Pods Manifest.lock */ = {
			isa = PBXShellScriptBuildPhase;
			buildActionMask = 2147483647;
			files = (
			);
			inputPaths = (
				"${PODS_PODFILE_DIR_PATH}/Podfile.lock",
				"${PODS_ROOT}/Manifest.lock",
			);
			name = "[CP] Check Pods Manifest.lock";
			outputPaths = (
				"$(DERIVED_FILE_DIR)/Pods-Clerkie Coding Challenge-checkManifestLockResult.txt",
			);
			runOnlyForDeploymentPostprocessing = 0;
			shellPath = /bin/sh;
			shellScript = "diff \"${PODS_PODFILE_DIR_PATH}/Podfile.lock\" \"${PODS_ROOT}/Manifest.lock\" > /dev/null\nif [ $? != 0 ] ; then\n    # print error to STDERR\n    echo \"error: The sandbox is not in sync with the Podfile.lock. Run 'pod install' or update your CocoaPods installation.\" >&2\n    exit 1\nfi\n# This output is used by Xcode 'outputs' to avoid re-running this script phase.\necho \"SUCCESS\" > \"${SCRIPT_OUTPUT_FILE_0}\"\n";
			showEnvVarsInLog = 0;
		};
/* End PBXShellScriptBuildPhase section */

/* Begin PBXSourcesBuildPhase section */
		585A1876212FC757002F86D7 /* Sources */ = {
			isa = PBXSourcesBuildPhase;
			buildActionMask = 2147483647;
			files = (
				585A18922131F81C002F86D7 /* LoginViewController.swift in Sources */,
				585EE7452143A12F00816808 /* DashboardViewController.swift in Sources */,
				58F07EB72139F62900EAC4CB /* RegisterViewController.swift in Sources */,
				585A1880212FC757002F86D7 /* ViewController.swift in Sources */,
				58F07EB9213A069E00EAC4CB /* LoggedInViewController.swift in Sources */,
				585A187E212FC757002F86D7 /* AppDelegate.swift in Sources */,
				585A189021309C5F002F86D7 /* RoundCorner.swift in Sources */,
			);
			runOnlyForDeploymentPostprocessing = 0;
		};
/* End PBXSourcesBuildPhase section */

/* Begin PBXVariantGroup section */
		585A1881212FC757002F86D7 /* Main.storyboard */ = {
			isa = PBXVariantGroup;
			children = (
				585A1882212FC757002F86D7 /* Base */,
			);
			name = Main.storyboard;
			sourceTree = "<group>";
		};
		585A1886212FC758002F86D7 /* LaunchScreen.storyboard */ = {
			isa = PBXVariantGroup;
			children = (
				585A1887212FC758002F86D7 /* Base */,
			);
			name = LaunchScreen.storyboard;
			sourceTree = "<group>";
		};
/* End PBXVariantGroup section */

/* Begin XCBuildConfiguration section */
		585A188A212FC758002F86D7 /* Debug */ = {
			isa = XCBuildConfiguration;
			buildSettings = {
				ALWAYS_SEARCH_USER_PATHS = NO;
				CLANG_ANALYZER_NONNULL = YES;
				CLANG_ANALYZER_NUMBER_OBJECT_CONVERSION = YES_AGGRESSIVE;
				CLANG_CXX_LANGUAGE_STANDARD = "gnu++14";
				CLANG_CXX_LIBRARY = "libc++";
				CLANG_ENABLE_MODULES = YES;
				CLANG_ENABLE_OBJC_ARC = YES;
				CLANG_ENABLE_OBJC_WEAK = YES;
				CLANG_WARN_BLOCK_CAPTURE_AUTORELEASING = YES;
				CLANG_WARN_BOOL_CONVERSION = YES;
				CLANG_WARN_COMMA = YES;
				CLANG_WARN_CONSTANT_CONVERSION = YES;
				CLANG_WARN_DEPRECATED_OBJC_IMPLEMENTATIONS = YES;
				CLANG_WARN_DIRECT_OBJC_ISA_USAGE = YES_ERROR;
				CLANG_WARN_DOCUMENTATION_COMMENTS = YES;
				CLANG_WARN_EMPTY_BODY = YES;
				CLANG_WARN_ENUM_CONVERSION = YES;
				CLANG_WARN_INFINITE_RECURSION = YES;
				CLANG_WARN_INT_CONVERSION = YES;
				CLANG_WARN_NON_LITERAL_NULL_CONVERSION = YES;
				CLANG_WARN_OBJC_IMPLICIT_RETAIN_SELF = YES;
				CLANG_WARN_OBJC_LITERAL_CONVERSION = YES;
				CLANG_WARN_OBJC_ROOT_CLASS = YES_ERROR;
				CLANG_WARN_RANGE_LOOP_ANALYSIS = YES;
				CLANG_WARN_STRICT_PROTOTYPES = YES;
				CLANG_WARN_SUSPICIOUS_MOVE = YES;
				CLANG_WARN_UNGUARDED_AVAILABILITY = YES_AGGRESSIVE;
				CLANG_WARN_UNREACHABLE_CODE = YES;
				CLANG_WARN__DUPLICATE_METHOD_MATCH = YES;
				CODE_SIGN_IDENTITY = "iPhone Developer";
				COPY_PHASE_STRIP = NO;
				DEBUG_INFORMATION_FORMAT = dwarf;
				ENABLE_STRICT_OBJC_MSGSEND = YES;
				ENABLE_TESTABILITY = YES;
				GCC_C_LANGUAGE_STANDARD = gnu11;
				GCC_DYNAMIC_NO_PIC = NO;
				GCC_NO_COMMON_BLOCKS = YES;
				GCC_OPTIMIZATION_LEVEL = 0;
				GCC_PREPROCESSOR_DEFINITIONS = (
					"DEBUG=1",
					"$(inherited)",
				);
				GCC_WARN_64_TO_32_BIT_CONVERSION = YES;
				GCC_WARN_ABOUT_RETURN_TYPE = YES_ERROR;
				GCC_WARN_UNDECLARED_SELECTOR = YES;
				GCC_WARN_UNINITIALIZED_AUTOS = YES_AGGRESSIVE;
				GCC_WARN_UNUSED_FUNCTION = YES;
				GCC_WARN_UNUSED_VARIABLE = YES;
				IPHONEOS_DEPLOYMENT_TARGET = 11.4;
				MTL_ENABLE_DEBUG_INFO = YES;
				ONLY_ACTIVE_ARCH = YES;
				SDKROOT = iphoneos;
				SWIFT_ACTIVE_COMPILATION_CONDITIONS = DEBUG;
				SWIFT_OPTIMIZATION_LEVEL = "-Onone";
			};
			name = Debug;
		};
		585A188B212FC758002F86D7 /* Release */ = {
			isa = XCBuildConfiguration;
			buildSettings = {
				ALWAYS_SEARCH_USER_PATHS = NO;
				CLANG_ANALYZER_NONNULL = YES;
				CLANG_ANALYZER_NUMBER_OBJECT_CONVERSION = YES_AGGRESSIVE;
				CLANG_CXX_LANGUAGE_STANDARD = "gnu++14";
				CLANG_CXX_LIBRARY = "libc++";
				CLANG_ENABLE_MODULES = YES;
				CLANG_ENABLE_OBJC_ARC = YES;
				CLANG_ENABLE_OBJC_WEAK = YES;
				CLANG_WARN_BLOCK_CAPTURE_AUTORELEASING = YES;
				CLANG_WARN_BOOL_CONVERSION = YES;
				CLANG_WARN_COMMA = YES;
				CLANG_WARN_CONSTANT_CONVERSION = YES;
				CLANG_WARN_DEPRECATED_OBJC_IMPLEMENTATIONS = YES;
				CLANG_WARN_DIRECT_OBJC_ISA_USAGE = YES_ERROR;
				CLANG_WARN_DOCUMENTATION_COMMENTS = YES;
				CLANG_WARN_EMPTY_BODY = YES;
				CLANG_WARN_ENUM_CONVERSION = YES;
				CLANG_WARN_INFINITE_RECURSION = YES;
				CLANG_WARN_INT_CONVERSION = YES;
				CLANG_WARN_NON_LITERAL_NULL_CONVERSION = YES;
				CLANG_WARN_OBJC_IMPLICIT_RETAIN_SELF = YES;
				CLANG_WARN_OBJC_LITERAL_CONVERSION = YES;
				CLANG_WARN_OBJC_ROOT_CLASS = YES_ERROR;
				CLANG_WARN_RANGE_LOOP_ANALYSIS = YES;
				CLANG_WARN_STRICT_PROTOTYPES = YES;
				CLANG_WARN_SUSPICIOUS_MOVE = YES;
				CLANG_WARN_UNGUARDED_AVAILABILITY = YES_AGGRESSIVE;
				CLANG_WARN_UNREACHABLE_CODE = YES;
				CLANG_WARN__DUPLICATE_METHOD_MATCH = YES;
				CODE_SIGN_IDENTITY = "iPhone Developer";
				COPY_PHASE_STRIP = NO;
				DEBUG_INFORMATION_FORMAT = "dwarf-with-dsym";
				ENABLE_NS_ASSERTIONS = NO;
				ENABLE_STRICT_OBJC_MSGSEND = YES;
				GCC_C_LANGUAGE_STANDARD = gnu11;
				GCC_NO_COMMON_BLOCKS = YES;
				GCC_WARN_64_TO_32_BIT_CONVERSION = YES;
				GCC_WARN_ABOUT_RETURN_TYPE = YES_ERROR;
				GCC_WARN_UNDECLARED_SELECTOR = YES;
				GCC_WARN_UNINITIALIZED_AUTOS = YES_AGGRESSIVE;
				GCC_WARN_UNUSED_FUNCTION = YES;
				GCC_WARN_UNUSED_VARIABLE = YES;
				IPHONEOS_DEPLOYMENT_TARGET = 11.4;
				MTL_ENABLE_DEBUG_INFO = NO;
				SDKROOT = iphoneos;
				SWIFT_COMPILATION_MODE = wholemodule;
				SWIFT_OPTIMIZATION_LEVEL = "-O";
				VALIDATE_PRODUCT = YES;
			};
			name = Release;
		};
		585A188D212FC758002F86D7 /* Debug */ = {
			isa = XCBuildConfiguration;
			baseConfigurationReference = 04136A000C3BD37EBFAC2844 /* Pods-Clerkie Coding Challenge.debug.xcconfig */;
			buildSettings = {
				ASSETCATALOG_COMPILER_APPICON_NAME = AppIcon;
				CODE_SIGN_IDENTITY = "iPhone Developer";
				CODE_SIGN_STYLE = Automatic;
				DEVELOPMENT_TEAM = UZTAY79MW3;
				INFOPLIST_FILE = "Clerkie Coding Challenge/Info.plist";
				LD_RUNPATH_SEARCH_PATHS = (
					"$(inherited)",
					"@executable_path/Frameworks",
				);
				PRODUCT_BUNDLE_IDENTIFIER = "com.prashant.Clerkie-Coding-Challenge";
				PRODUCT_NAME = "$(TARGET_NAME)";
				PROVISIONING_PROFILE_SPECIFIER = "";
				SWIFT_VERSION = 4.0;
				TARGETED_DEVICE_FAMILY = "1,2";
			};
			name = Debug;
		};
		585A188E212FC758002F86D7 /* Release */ = {
			isa = XCBuildConfiguration;
			baseConfigurationReference = CE9FA80DC8F7A7A707A565A9 /* Pods-Clerkie Coding Challenge.release.xcconfig */;
			buildSettings = {
				ASSETCATALOG_COMPILER_APPICON_NAME = AppIcon;
				CODE_SIGN_IDENTITY = "iPhone Developer";
				CODE_SIGN_STYLE = Automatic;
				DEVELOPMENT_TEAM = UZTAY79MW3;
				INFOPLIST_FILE = "Clerkie Coding Challenge/Info.plist";
				LD_RUNPATH_SEARCH_PATHS = (
					"$(inherited)",
					"@executable_path/Frameworks",
				);
				PRODUCT_BUNDLE_IDENTIFIER = "com.prashant.Clerkie-Coding-Challenge";
				PRODUCT_NAME = "$(TARGET_NAME)";
				PROVISIONING_PROFILE_SPECIFIER = "";
				SWIFT_VERSION = 4.0;
				TARGETED_DEVICE_FAMILY = "1,2";
			};
			name = Release;
		};
/* End XCBuildConfiguration section */

/* Begin XCConfigurationList section */
		585A1875212FC757002F86D7 /* Build configuration list for PBXProject "Clerkie Coding Challenge" */ = {
			isa = XCConfigurationList;
			buildConfigurations = (
				585A188A212FC758002F86D7 /* Debug */,
				585A188B212FC758002F86D7 /* Release */,
			);
			defaultConfigurationIsVisible = 0;
			defaultConfigurationName = Release;
		};
		585A188C212FC758002F86D7 /* Build configuration list for PBXNativeTarget "Clerkie Coding Challenge" */ = {
			isa = XCConfigurationList;
			buildConfigurations = (
				585A188D212FC758002F86D7 /* Debug */,
				585A188E212FC758002F86D7 /* Release */,
			);
			defaultConfigurationIsVisible = 0;
			defaultConfigurationName = Release;
		};
/* End XCConfigurationList section */
	};
	rootObject = 585A1872212FC757002F86D7 /* Project object */;
}
